// !$*UTF8*$!
{
	archiveVersion = 1;
	classes = {
	};
	objectVersion = 55;
	objects = {

/* Begin PBXBuildFile section */
		0C70445A892069A9FC038875 /* PDBPolygonOffsetBridge.mm in Sources */ = {isa = PBXBuildFile; fileRef = 22D945D19D90619C7364D8C8 /* PDBPolygonOffsetBridge.mm */; };
		0E1D41CBAD7E222E39C04DCE /* OpenCVImageBridge.h in Headers */ = {isa = PBXBuildFile; fileRef = E0D748749D3ED0227208AD5D /* OpenCVImageBridge.h */; };
		1A654A6CA6BE46E1F04599B2 /* QuadTextCrop.swift in Sources */ = {isa = PBXBuildFile; fileRef = 53754429BB3FB62726CF3541 /* QuadTextCrop.swift */; };
		2626825090E10FB8031E2016 /* Pods_TCMAdmin.framework in Frameworks */ = {isa = PBXBuildFile; fileRef = C82AAAE8FAD74374868F3ECC /* Pods_TCMAdmin.framework */; };
		2652436983DE35B3A26536B6 /* ORTProfilingBridge.h in Headers */ = {isa = PBXBuildFile; fileRef = 3D174C33BFFC8FAD513C140C /* ORTProfilingBridge.h */; };
		297C4AEC85EEF911335991F8 /* OpenCVDBBridge.mm in Sources */ = {isa = PBXBuildFile; fileRef = 92D34B8CB343FD7F2298BFE6 /* OpenCVDBBridge.mm */; };
		34614799AB6BAA5BF2EB67D8 /* OCREngine.swift in Sources */ = {isa = PBXBuildFile; fileRef = 3C024D529C72D1F6B1358892 /* OCREngine.swift */; };
		3EB34A3E99B4A1C0D2732CA4 /* OpenCVImageBridge.mm in Sources */ = {isa = PBXBuildFile; fileRef = 487B49CA8E4CCA50E0D8A01F /* OpenCVImageBridge.mm */; };
		463344CAA47D1F4AA235CC1D /* det_inference.onnx in Resources */ = {isa = PBXBuildFile; fileRef = 2A224E8DB66E90D0C9243001 /* det_inference.onnx */; };
		4B3E452F9C7E742B8395FFA4 /* EncodedImageCodec.swift in Sources */ = {isa = PBXBuildFile; fileRef = 99E1477D8893BDA5199E9D65 /* EncodedImageCodec.swift */; };
		571E48088A7193796D75FB0C /* Preprocessing.swift in Sources */ = {isa = PBXBuildFile; fileRef = 1CFF4D97BCCC0DABFA471BFD /* Preprocessing.swift */; };
		5BC94974969FE026A392B124 /* ORTProfilingBridge.mm in Sources */ = {isa = PBXBuildFile; fileRef = 13E542008B22E631F95258C6 /* ORTProfilingBridge.mm */; };
		670042F9806CD6E949556F5C /* BoxSorter.swift in Sources */ = {isa = PBXBuildFile; fileRef = BDB14AC2A6C984FE4EA41B69 /* BoxSorter.swift */; };
		6AC94F04A8711C0FCA5DCCEB /* RecPreprocessor.swift in Sources */ = {isa = PBXBuildFile; fileRef = F09B4E2E908E936173D0F3C2 /* RecPreprocessor.swift */; };
		767145A8BAF431E01A0BFDB0 /* PDBPolygonOffsetBridge.h in Headers */ = {isa = PBXBuildFile; fileRef = 6AA54C0CBF025802E93DD3B3 /* PDBPolygonOffsetBridge.h */; };
		7A28445FA748E5D45D662F27 /* ORTSessionManager.swift in Sources */ = {isa = PBXBuildFile; fileRef = 48AD4079BC93A587EFA480B0 /* ORTSessionManager.swift */; };
		7C6DC4503059647800D4F198 /* DifferencesView.swift in Sources */ = {isa = PBXBuildFile; fileRef = 7C6DC4313059647800D4F198 /* DifferencesView.swift */; };
		7C6DC4523059647800D4F198 /* StocktakingView.swift in Sources */ = {isa = PBXBuildFile; fileRef = 7C6DC4493059647800D4F198 /* StocktakingView.swift */; };
		7C6DC4533059647800D4F198 /* PackagesView.swift in Sources */ = {isa = PBXBuildFile; fileRef = 7C6DC43A3059647800D4F198 /* PackagesView.swift */; };
		7C6DC4543059647800D4F198 /* MainShellView.swift in Sources */ = {isa = PBXBuildFile; fileRef = 7C6DC44D3059647800D4F198 /* MainShellView.swift */; };
		7C6DC4563059647800D4F198 /* AppRoute.swift in Sources */ = {isa = PBXBuildFile; fileRef = 7C6DC4253059647800D4F198 /* AppRoute.swift */; };
		7C6DC4573059647800D4F198 /* ProcessingPlanFormView.swift in Sources */ = {isa = PBXBuildFile; fileRef = 7C6DC43E3059647800D4F198 /* ProcessingPlanFormView.swift */; };
		7C6DC4583059647800D4F198 /* SettingsView.swift in Sources */ = {isa = PBXBuildFile; fileRef = 7C6DC4433059647800D4F198 /* SettingsView.swift */; };
		7C6DC4593059647800D4F198 /* SessionManager.swift in Sources */ = {isa = PBXBuildFile; fileRef = 7C6DC4283059647800D4F198 /* SessionManager.swift */; };
		7C6DC45A3059647800D4F198 /* LiveScannerView.swift in Sources */ = {isa = PBXBuildFile; fileRef = 7C6DC4463059647800D4F198 /* LiveScannerView.swift */; };
		7C6DC45B3059647800D4F198 /* AppModels.swift in Sources */ = {isa = PBXBuildFile; fileRef = 7C6DC4233059647800D4F198 /* AppModels.swift */; };
		7C6DC45C3059647800D4F198 /* TransfersView.swift in Sources */ = {isa = PBXBuildFile; fileRef = 7C6DC44B3059647800D4F198 /* TransfersView.swift */; };
		7C6DC45D3059647800D4F198 /* E6ImportsView.swift in Sources */ = {isa = PBXBuildFile; fileRef = 7C6DC4333059647800D4F198 /* E6ImportsView.swift */; };
		7C6DC45E3059647800D4F198 /* Color+Theme.swift in Sources */ = {isa = PBXBuildFile; fileRef = 7C6DC42B3059647800D4F198 /* Color+Theme.swift */; };
		7C6DC45F3059647800D4F198 /* LoginView.swift in Sources */ = {isa = PBXBuildFile; fileRef = 7C6DC42D3059647800D4F198 /* LoginView.swift */; };
		7C6DC4603059647800D4F198 /* ProfileView.swift in Sources */ = {isa = PBXBuildFile; fileRef = 7C6DC4423059647800D4F198 /* ProfileView.swift */; };
		7C6DC4613059647800D4F198 /* AppComponents.swift in Sources */ = {isa = PBXBuildFile; fileRef = 7C6DC42F3059647800D4F198 /* AppComponents.swift */; };
		7C6DC4623059647800D4F198 /* HerbsView.swift in Sources */ = {isa = PBXBuildFile; fileRef = 7C6DC4353059647800D4F198 /* HerbsView.swift */; };
		7C6DC4633059647800D4F198 /* SideMenuView.swift in Sources */ = {isa = PBXBuildFile; fileRef = 7C6DC44E3059647800D4F198 /* SideMenuView.swift */; };
		7C6DC4643059647800D4F198 /* PrescriptionsView.swift in Sources */ = {isa = PBXBuildFile; fileRef = 7C6DC43C3059647800D4F198 /* PrescriptionsView.swift */; };
		7C6DC4653059647800D4F198 /* ApiClient.swift in Sources */ = {isa = PBXBuildFile; fileRef = 7C6DC4273059647800D4F198 /* ApiClient.swift */; };
		7C6DC4663059647800D4F198 /* InventoryView.swift in Sources */ = {isa = PBXBuildFile; fileRef = 7C6DC4373059647800D4F198 /* InventoryView.swift */; };
		7C6DC4673059647800D4F198 /* PackageDetailView.swift in Sources */ = {isa = PBXBuildFile; fileRef = 7C6DC4393059647800D4F198 /* PackageDetailView.swift */; };
		7C6DC4683059647800D4F198 /* ProcessingView.swift in Sources */ = {isa = PBXBuildFile; fileRef = 7C6DC43F3059647800D4F198 /* ProcessingView.swift */; };
		7C6DC4693059647800D4F198 /* WorkflowOperationView.swift in Sources */ = {isa = PBXBuildFile; fileRef = 7C6DC4403059647800D4F198 /* WorkflowOperationView.swift */; };
		7C6DC46A3059647800D4F198 /* TCMAdminApp.swift in Sources */ = {isa = PBXBuildFile; fileRef = 7C6DC42A3059647800D4F198 /* TCMAdminApp.swift */; };
		7C6DC6013059647800D4F198 /* PrescriptionEditView.swift in Sources */ = {isa = PBXBuildFile; fileRef = 7C6DC5013059647800D4F198 /* PrescriptionEditView.swift */; };
		7C6DC6023059647800D4F198 /* HerbLocationAssignView.swift in Sources */ = {isa = PBXBuildFile; fileRef = 7C6DC5023059647800D4F198 /* HerbLocationAssignView.swift */; };
		7C6DC6033059647800D4F198 /* InventoryDetailView.swift in Sources */ = {isa = PBXBuildFile; fileRef = 7C6DC5033059647800D4F198 /* InventoryDetailView.swift */; };
		7C6DC6043059647800D4F198 /* ProfileDetailView.swift in Sources */ = {isa = PBXBuildFile; fileRef = 7C6DC5043059647800D4F198 /* ProfileDetailView.swift */; };
		7C6DC6053059647800D4F198 /* UpdateManager.swift in Sources */ = {isa = PBXBuildFile; fileRef = 7C6DC5053059647800D4F198 /* UpdateManager.swift */; };
		7C6DC6063059647800D4F198 /* ThemeManager.swift in Sources */ = {isa = PBXBuildFile; fileRef = 7C6DC5063059647800D4F198 /* ThemeManager.swift */; };
		7CE54047A62F985D4B2D016A /* Assets.xcassets in Resources */ = {isa = PBXBuildFile; fileRef = B968473F98B1C92433064B1B /* Assets.xcassets */; };
		902B4B378302A14EC34C2E87 /* DetectionEngine.swift in Sources */ = {isa = PBXBuildFile; fileRef = 410B4C4FB3B905BBA451AC13 /* DetectionEngine.swift */; };
		99F74D0598385439DCA9C315 /* TCMAdmin-Bridging-Header.h in Headers */ = {isa = PBXBuildFile; fileRef = 78DC430EBD831227A8F2D8C6 /* TCMAdmin-Bridging-Header.h */; };
		A4B44E388AD11EB3A5DFB850 /* RecognitionEngine.swift in Sources */ = {isa = PBXBuildFile; fileRef = BD0C4084943B3A7D60A65DC7 /* RecognitionEngine.swift */; };
		BDC84934BC2E477996A6312D /* OpenCVDBBridge.h in Headers */ = {isa = PBXBuildFile; fileRef = 6E544390A1074F97E967D261 /* OpenCVDBBridge.h */; };
		C1F54496A23220959A6A403B /* InferenceConfig.swift in Sources */ = {isa = PBXBuildFile; fileRef = 3A3C411CB896462FD748EB02 /* InferenceConfig.swift */; };
		D0924B81BE591482193AABDF /* DBPostProcess.swift in Sources */ = {isa = PBXBuildFile; fileRef = 52494A85AF53D385345904AE /* DBPostProcess.swift */; };
		D18E458C9D82FE2FFBEDBB31 /* rec_inference.yml in Resources */ = {isa = PBXBuildFile; fileRef = A82E4BC69DF2F4E762F18D42 /* rec_inference.yml */; };
		D9014C2F93CCF09EAB0C39B2 /* clipper.hpp in Headers */ = {isa = PBXBuildFile; fileRef = D172439AAF16BF491C084260 /* clipper.hpp */; };
		E643416EB9BA0692CB1592B8 /* OCRParameterResolver.swift in Sources */ = {isa = PBXBuildFile; fileRef = 71A64C7188F8A5DAD9AD9FD8 /* OCRParameterResolver.swift */; };
		F1B24369AE98301C6A06218C /* clipper.cpp in Sources */ = {isa = PBXBuildFile; fileRef = 71164D88B378BCF82F3E0E27 /* clipper.cpp */; };
		F73642518C869752E5C280C4 /* LICENSE in Resources */ = {isa = PBXBuildFile; fileRef = D61E42EE952927230FE0B0C8 /* LICENSE */; };
		FB0B424DA34DCDFB0A7B4E31 /* ModelConfig.swift in Sources */ = {isa = PBXBuildFile; fileRef = 37034B8195701B78FC6EFE86 /* ModelConfig.swift */; };
		FBF84109A8EF0A14BF2BF183 /* CTCDecoder.swift in Sources */ = {isa = PBXBuildFile; fileRef = 3C0D46F1A96138D3B208DC2C /* CTCDecoder.swift */; };
/* End PBXBuildFile section */

/* Begin PBXFileReference section */
		000000000000000000000120 /* TCMAdmin.app */ = {isa = PBXFileReference; explicitFileType = wrapper.application; includeInIndex = 0; path = TCMAdmin.app; sourceTree = BUILT_PRODUCTS_DIR; };
		13E542008B22E631F95258C6 /* ORTProfilingBridge.mm */ = {isa = PBXFileReference; lastKnownFileType = sourcecode.cpp.objcpp; name = ORTProfilingBridge.mm; path = PaddleOCREngine/ORTProfilingBridge.mm; sourceTree = "<group>"; };
		1CFF4D97BCCC0DABFA471BFD /* Preprocessing.swift */ = {isa = PBXFileReference; lastKnownFileType = sourcecode.swift; name = Preprocessing.swift; path = PaddleOCREngine/Preprocessing.swift; sourceTree = "<group>"; };
		22D945D19D90619C7364D8C8 /* PDBPolygonOffsetBridge.mm */ = {isa = PBXFileReference; lastKnownFileType = sourcecode.cpp.objcpp; name = PDBPolygonOffsetBridge.mm; path = PaddleOCREngine/PDBPolygonOffsetBridge.mm; sourceTree = "<group>"; };
		2A224E8DB66E90D0C9243001 /* det_inference.onnx */ = {isa = PBXFileReference; lastKnownFileType = None; name = det_inference.onnx; path = Models/det/det_inference.onnx; sourceTree = "<group>"; };
		37034B8195701B78FC6EFE86 /* ModelConfig.swift */ = {isa = PBXFileReference; lastKnownFileType = sourcecode.swift; name = ModelConfig.swift; path = PaddleOCREngine/ModelConfig.swift; sourceTree = "<group>"; };
		3A3C411CB896462FD748EB02 /* InferenceConfig.swift */ = {isa = PBXFileReference; lastKnownFileType = sourcecode.swift; name = InferenceConfig.swift; path = PaddleOCREngine/InferenceConfig.swift; sourceTree = "<group>"; };
		3C024D529C72D1F6B1358892 /* OCREngine.swift */ = {isa = PBXFileReference; lastKnownFileType = sourcecode.swift; name = OCREngine.swift; path = PaddleOCREngine/OCREngine.swift; sourceTree = "<group>"; };
		3C0D46F1A96138D3B208DC2C /* CTCDecoder.swift */ = {isa = PBXFileReference; lastKnownFileType = sourcecode.swift; name = CTCDecoder.swift; path = PaddleOCREngine/CTCDecoder.swift; sourceTree = "<group>"; };
		3D174C33BFFC8FAD513C140C /* ORTProfilingBridge.h */ = {isa = PBXFileReference; lastKnownFileType = sourcecode.c.h; name = ORTProfilingBridge.h; path = PaddleOCREngine/ORTProfilingBridge.h; sourceTree = "<group>"; };
		410B4C4FB3B905BBA451AC13 /* DetectionEngine.swift */ = {isa = PBXFileReference; lastKnownFileType = sourcecode.swift; name = DetectionEngine.swift; path = PaddleOCREngine/DetectionEngine.swift; sourceTree = "<group>"; };
		487B49CA8E4CCA50E0D8A01F /* OpenCVImageBridge.mm */ = {isa = PBXFileReference; lastKnownFileType = sourcecode.cpp.objcpp; name = OpenCVImageBridge.mm; path = PaddleOCREngine/OpenCVImageBridge.mm; sourceTree = "<group>"; };
		48AD4079BC93A587EFA480B0 /* ORTSessionManager.swift */ = {isa = PBXFileReference; lastKnownFileType = sourcecode.swift; name = ORTSessionManager.swift; path = PaddleOCREngine/ORTSessionManager.swift; sourceTree = "<group>"; };
		52494A85AF53D385345904AE /* DBPostProcess.swift */ = {isa = PBXFileReference; lastKnownFileType = sourcecode.swift; name = DBPostProcess.swift; path = PaddleOCREngine/DBPostProcess.swift; sourceTree = "<group>"; };
		53754429BB3FB62726CF3541 /* QuadTextCrop.swift */ = {isa = PBXFileReference; lastKnownFileType = sourcecode.swift; name = QuadTextCrop.swift; path = PaddleOCREngine/QuadTextCrop.swift; sourceTree = "<group>"; };
		58E615198A528B3374DAB9F0 /* Pods-TCMAdmin.debug.xcconfig */ = {isa = PBXFileReference; includeInIndex = 1; lastKnownFileType = text.xcconfig; name = "Pods-TCMAdmin.debug.xcconfig"; path = "Target Support Files/Pods-TCMAdmin/Pods-TCMAdmin.debug.xcconfig"; sourceTree = "<group>"; };
		6AA54C0CBF025802E93DD3B3 /* PDBPolygonOffsetBridge.h */ = {isa = PBXFileReference; lastKnownFileType = sourcecode.c.h; name = PDBPolygonOffsetBridge.h; path = PaddleOCREngine/PDBPolygonOffsetBridge.h; sourceTree = "<group>"; };
		6E544390A1074F97E967D261 /* OpenCVDBBridge.h */ = {isa = PBXFileReference; lastKnownFileType = sourcecode.c.h; name = OpenCVDBBridge.h; path = PaddleOCREngine/OpenCVDBBridge.h; sourceTree = "<group>"; };
		71164D88B378BCF82F3E0E27 /* clipper.cpp */ = {isa = PBXFileReference; lastKnownFileType = sourcecode.cpp.cpp; name = clipper.cpp; path = ThirdParty/Clipper1/clipper.cpp; sourceTree = "<group>"; };
		71A64C7188F8A5DAD9AD9FD8 /* OCRParameterResolver.swift */ = {isa = PBXFileReference; lastKnownFileType = sourcecode.swift; name = OCRParameterResolver.swift; path = PaddleOCREngine/OCRParameterResolver.swift; sourceTree = "<group>"; };
		78DC430EBD831227A8F2D8C6 /* TCMAdmin-Bridging-Header.h */ = {isa = PBXFileReference; lastKnownFileType = sourcecode.c.h; path = "TCMAdmin-Bridging-Header.h"; sourceTree = "<group>"; };
		7C6DC4233059647800D4F198 /* AppModels.swift */ = {isa = PBXFileReference; lastKnownFileType = sourcecode.swift; path = AppModels.swift; sourceTree = "<group>"; };
		7C6DC4253059647800D4F198 /* AppRoute.swift */ = {isa = PBXFileReference; lastKnownFileType = sourcecode.swift; path = AppRoute.swift; sourceTree = "<group>"; };
		7C6DC4273059647800D4F198 /* ApiClient.swift */ = {isa = PBXFileReference; lastKnownFileType = sourcecode.swift; path = ApiClient.swift; sourceTree = "<group>"; };
		7C6DC4283059647800D4F198 /* SessionManager.swift */ = {isa = PBXFileReference; lastKnownFileType = sourcecode.swift; path = SessionManager.swift; sourceTree = "<group>"; };
		7C6DC42A3059647800D4F198 /* TCMAdminApp.swift */ = {isa = PBXFileReference; lastKnownFileType = sourcecode.swift; path = TCMAdminApp.swift; sourceTree = "<group>"; };
		7C6DC42B3059647800D4F198 /* Color+Theme.swift */ = {isa = PBXFileReference; lastKnownFileType = sourcecode.swift; path = "Color+Theme.swift"; sourceTree = "<group>"; };
		7C6DC42D3059647800D4F198 /* LoginView.swift */ = {isa = PBXFileReference; lastKnownFileType = sourcecode.swift; path = LoginView.swift; sourceTree = "<group>"; };
		7C6DC42F3059647800D4F198 /* AppComponents.swift */ = {isa = PBXFileReference; lastKnownFileType = sourcecode.swift; path = AppComponents.swift; sourceTree = "<group>"; };
		7C6DC4313059647800D4F198 /* DifferencesView.swift */ = {isa = PBXFileReference; lastKnownFileType = sourcecode.swift; path = DifferencesView.swift; sourceTree = "<group>"; };
		7C6DC4333059647800D4F198 /* E6ImportsView.swift */ = {isa = PBXFileReference; lastKnownFileType = sourcecode.swift; path = E6ImportsView.swift; sourceTree = "<group>"; };
		7C6DC4353059647800D4F198 /* HerbsView.swift */ = {isa = PBXFileReference; lastKnownFileType = sourcecode.swift; path = HerbsView.swift; sourceTree = "<group>"; };
		7C6DC4373059647800D4F198 /* InventoryView.swift */ = {isa = PBXFileReference; lastKnownFileType = sourcecode.swift; path = InventoryView.swift; sourceTree = "<group>"; };
		7C6DC4393059647800D4F198 /* PackageDetailView.swift */ = {isa = PBXFileReference; lastKnownFileType = sourcecode.swift; path = PackageDetailView.swift; sourceTree = "<group>"; };
		7C6DC43A3059647800D4F198 /* PackagesView.swift */ = {isa = PBXFileReference; lastKnownFileType = sourcecode.swift; path = PackagesView.swift; sourceTree = "<group>"; };
		7C6DC43C3059647800D4F198 /* PrescriptionsView.swift */ = {isa = PBXFileReference; lastKnownFileType = sourcecode.swift; path = PrescriptionsView.swift; sourceTree = "<group>"; };
		7C6DC43E3059647800D4F198 /* ProcessingPlanFormView.swift */ = {isa = PBXFileReference; lastKnownFileType = sourcecode.swift; path = ProcessingPlanFormView.swift; sourceTree = "<group>"; };
		7C6DC43F3059647800D4F198 /* ProcessingView.swift */ = {isa = PBXFileReference; lastKnownFileType = sourcecode.swift; path = ProcessingView.swift; sourceTree = "<group>"; };
		7C6DC4403059647800D4F198 /* WorkflowOperationView.swift */ = {isa = PBXFileReference; lastKnownFileType = sourcecode.swift; path = WorkflowOperationView.swift; sourceTree = "<group>"; };
		7C6DC4423059647800D4F198 /* ProfileView.swift */ = {isa = PBXFileReference; lastKnownFileType = sourcecode.swift; path = ProfileView.swift; sourceTree = "<group>"; };
		7C6DC4433059647800D4F198 /* SettingsView.swift */ = {isa = PBXFileReference; lastKnownFileType = sourcecode.swift; path = SettingsView.swift; sourceTree = "<group>"; };
		7C6DC4463059647800D4F198 /* LiveScannerView.swift */ = {isa = PBXFileReference; lastKnownFileType = sourcecode.swift; path = LiveScannerView.swift; sourceTree = "<group>"; };
		7C6DC4493059647800D4F198 /* StocktakingView.swift */ = {isa = PBXFileReference; lastKnownFileType = sourcecode.swift; path = StocktakingView.swift; sourceTree = "<group>"; };
		7C6DC44B3059647800D4F198 /* TransfersView.swift */ = {isa = PBXFileReference; lastKnownFileType = sourcecode.swift; path = TransfersView.swift; sourceTree = "<group>"; };
		7C6DC44D3059647800D4F198 /* MainShellView.swift */ = {isa = PBXFileReference; lastKnownFileType = sourcecode.swift; path = MainShellView.swift; sourceTree = "<group>"; };
		7C6DC44E3059647800D4F198 /* SideMenuView.swift */ = {isa = PBXFileReference; lastKnownFileType = sourcecode.swift; path = SideMenuView.swift; sourceTree = "<group>"; };
		7C6DC5013059647800D4F198 /* PrescriptionEditView.swift */ = {isa = PBXFileReference; lastKnownFileType = sourcecode.swift; path = PrescriptionEditView.swift; sourceTree = "<group>"; };
		7C6DC5023059647800D4F198 /* HerbLocationAssignView.swift */ = {isa = PBXFileReference; lastKnownFileType = sourcecode.swift; path = HerbLocationAssignView.swift; sourceTree = "<group>"; };
		7C6DC5033059647800D4F198 /* InventoryDetailView.swift */ = {isa = PBXFileReference; lastKnownFileType = sourcecode.swift; path = InventoryDetailView.swift; sourceTree = "<group>"; };
		7C6DC5043059647800D4F198 /* ProfileDetailView.swift */ = {isa = PBXFileReference; lastKnownFileType = sourcecode.swift; path = ProfileDetailView.swift; sourceTree = "<group>"; };
		7C6DC5053059647800D4F198 /* UpdateManager.swift */ = {isa = PBXFileReference; lastKnownFileType = sourcecode.swift; path = UpdateManager.swift; sourceTree = "<group>"; };
		7C6DC5063059647800D4F198 /* ThemeManager.swift */ = {isa = PBXFileReference; lastKnownFileType = sourcecode.swift; path = ThemeManager.swift; sourceTree = "<group>"; };
		92D34B8CB343FD7F2298BFE6 /* OpenCVDBBridge.mm */ = {isa = PBXFileReference; lastKnownFileType = sourcecode.cpp.objcpp; name = OpenCVDBBridge.mm; path = PaddleOCREngine/OpenCVDBBridge.mm; sourceTree = "<group>"; };
		99E1477D8893BDA5199E9D65 /* EncodedImageCodec.swift */ = {isa = PBXFileReference; lastKnownFileType = sourcecode.swift; name = EncodedImageCodec.swift; path = PaddleOCREngine/EncodedImageCodec.swift; sourceTree = "<group>"; };
		A82E4BC69DF2F4E762F18D42 /* rec_inference.yml */ = {isa = PBXFileReference; lastKnownFileType = None; name = rec_inference.yml; path = Models/rec/rec_inference.yml; sourceTree = "<group>"; };
		B968473F98B1C92433064B1B /* Assets.xcassets */ = {isa = PBXFileReference; lastKnownFileType = folder.assetcatalog; path = Assets.xcassets; sourceTree = SOURCE_ROOT; };
		BD0C4084943B3A7D60A65DC7 /* RecognitionEngine.swift */ = {isa = PBXFileReference; lastKnownFileType = sourcecode.swift; name = RecognitionEngine.swift; path = PaddleOCREngine/RecognitionEngine.swift; sourceTree = "<group>"; };
		BDB14AC2A6C984FE4EA41B69 /* BoxSorter.swift */ = {isa = PBXFileReference; lastKnownFileType = sourcecode.swift; name = BoxSorter.swift; path = PaddleOCREngine/BoxSorter.swift; sourceTree = "<group>"; };
		C82AAAE8FAD74374868F3ECC /* Pods_TCMAdmin.framework */ = {isa = PBXFileReference; explicitFileType = wrapper.framework; includeInIndex = 0; path = Pods_TCMAdmin.framework; sourceTree = BUILT_PRODUCTS_DIR; };
		D172439AAF16BF491C084260 /* clipper.hpp */ = {isa = PBXFileReference; lastKnownFileType = sourcecode.c.h; name = clipper.hpp; path = ThirdParty/Clipper1/clipper.hpp; sourceTree = "<group>"; };
		D61E42EE952927230FE0B0C8 /* LICENSE */ = {isa = PBXFileReference; lastKnownFileType = text; name = LICENSE; path = ThirdParty/Clipper1/LICENSE; sourceTree = "<group>"; };
		DEC7EA7248024733644B3878 /* Pods-TCMAdmin.release.xcconfig */ = {isa = PBXFileReference; includeInIndex = 1; lastKnownFileType = text.xcconfig; name = "Pods-TCMAdmin.release.xcconfig"; path = "Target Support Files/Pods-TCMAdmin/Pods-TCMAdmin.release.xcconfig"; sourceTree = "<group>"; };
		E0D748749D3ED0227208AD5D /* OpenCVImageBridge.h */ = {isa = PBXFileReference; lastKnownFileType = sourcecode.c.h; name = OpenCVImageBridge.h; path = PaddleOCREngine/OpenCVImageBridge.h; sourceTree = "<group>"; };
		F09B4E2E908E936173D0F3C2 /* RecPreprocessor.swift */ = {isa = PBXFileReference; lastKnownFileType = sourcecode.swift; name = RecPreprocessor.swift; path = PaddleOCREngine/RecPreprocessor.swift; sourceTree = "<group>"; };
/* End PBXFileReference section */

/* Begin PBXFileSystemSynchronizedRootGroup section */
		000000000000000000000010 /* 药房助手 */ = {
			isa = PBXFileSystemSynchronizedRootGroup;
			exceptions = (
			);
			path = "药房助手";
			sourceTree = "<group>";
		};
/* End PBXFileSystemSynchronizedRootGroup section */

/* Begin PBXFrameworksBuildPhase section */
		000000000000000130000000 /* Frameworks */ = {
			isa = PBXFrameworksBuildPhase;
			files = (
				2626825090E10FB8031E2016 /* Pods_TCMAdmin.framework in Frameworks */,
			);
		};
/* End PBXFrameworksBuildPhase section */

/* Begin PBXGroup section */
		000000000000000000000001 = {
			isa = PBXGroup;
			children = (
				000000000000000000000010 /* 药房助手 */,
				7C6DC4243059647800D4F198 /* Models */,
				7C6DC4263059647800D4F198 /* Navigation */,
				7C6DC4293059647800D4F198 /* Network */,
				7C6DC42A3059647800D4F198 /* TCMAdminApp.swift */,
				7C6DC42C3059647800D4F198 /* Utils */,
				7C6DC44F3059647800D4F198 /* Views */,
				000000000000000000000020 /* Products */,
				B968473F98B1C92433064B1B /* Assets.xcassets */,
				78DC430EBD831227A8F2D8C6 /* TCMAdmin-Bridging-Header.h */,
				BD0C4084943B3A7D60A65DC7 /* RecognitionEngine.swift */,
				48AD4079BC93A587EFA480B0 /* ORTSessionManager.swift */,
				92D34B8CB343FD7F2298BFE6 /* OpenCVDBBridge.mm */,
				3A3C411CB896462FD748EB02 /* InferenceConfig.swift */,
				6AA54C0CBF025802E93DD3B3 /* PDBPolygonOffsetBridge.h */,
				410B4C4FB3B905BBA451AC13 /* DetectionEngine.swift */,
				53754429BB3FB62726CF3541 /* QuadTextCrop.swift */,
				13E542008B22E631F95258C6 /* ORTProfilingBridge.mm */,
				487B49CA8E4CCA50E0D8A01F /* OpenCVImageBridge.mm */,
				3C024D529C72D1F6B1358892 /* OCREngine.swift */,
				3C0D46F1A96138D3B208DC2C /* CTCDecoder.swift */,
				22D945D19D90619C7364D8C8 /* PDBPolygonOffsetBridge.mm */,
				99E1477D8893BDA5199E9D65 /* EncodedImageCodec.swift */,
				F09B4E2E908E936173D0F3C2 /* RecPreprocessor.swift */,
				BDB14AC2A6C984FE4EA41B69 /* BoxSorter.swift */,
				71A64C7188F8A5DAD9AD9FD8 /* OCRParameterResolver.swift */,
				6E544390A1074F97E967D261 /* OpenCVDBBridge.h */,
				E0D748749D3ED0227208AD5D /* OpenCVImageBridge.h */,
				52494A85AF53D385345904AE /* DBPostProcess.swift */,
				3D174C33BFFC8FAD513C140C /* ORTProfilingBridge.h */,
				1CFF4D97BCCC0DABFA471BFD /* Preprocessing.swift */,
				37034B8195701B78FC6EFE86 /* ModelConfig.swift */,
				D61E42EE952927230FE0B0C8 /* LICENSE */,
				71164D88B378BCF82F3E0E27 /* clipper.cpp */,
				D172439AAF16BF491C084260 /* clipper.hpp */,
				2A224E8DB66E90D0C9243001 /* det_inference.onnx */,
				A82E4BC69DF2F4E762F18D42 /* rec_inference.yml */,
				B35DAA2A0331EA6162B7BFA2 /* Pods */,
				0D10DF8909BA121358368E0C /* Frameworks */,
			);
			sourceTree = "<group>";
		};
		000000000000000000000020 /* Products */ = {
			isa = PBXGroup;
			children = (
				000000000000000000000120 /* TCMAdmin.app */,
			);
			name = Products;
			sourceTree = "<group>";
		};
		0D10DF8909BA121358368E0C /* Frameworks */ = {
			isa = PBXGroup;
			children = (
				C82AAAE8FAD74374868F3ECC /* Pods_TCMAdmin.framework */,
			);
			name = Frameworks;
			sourceTree = "<group>";
		};
		7C6DC4243059647800D4F198 /* Models */ = {
			isa = PBXGroup;
			children = (
				7C6DC4233059647800D4F198 /* AppModels.swift */,
			);
			path = Models;
			sourceTree = "<group>";
		};
		7C6DC4263059647800D4F198 /* Navigation */ = {
			isa = PBXGroup;
			children = (
				7C6DC4253059647800D4F198 /* AppRoute.swift */,
			);
			path = Navigation;
			sourceTree = "<group>";
		};
		7C6DC4293059647800D4F198 /* Network */ = {
			isa = PBXGroup;
			children = (
				7C6DC4273059647800D4F198 /* ApiClient.swift */,
				7C6DC4283059647800D4F198 /* SessionManager.swift */,
			);
			path = Network;
			sourceTree = "<group>";
		};
		7C6DC42C3059647800D4F198 /* Utils */ = {
			isa = PBXGroup;
			children = (
				7C6DC5063059647800D4F198 /* ThemeManager.swift */,
				7C6DC5053059647800D4F198 /* UpdateManager.swift */,
				7C6DC42B3059647800D4F198 /* Color+Theme.swift */,
			);
			path = Utils;
			sourceTree = "<group>";
		};
		7C6DC42E3059647800D4F198 /* Auth */ = {
			isa = PBXGroup;
			children = (
				7C6DC42D3059647800D4F198 /* LoginView.swift */,
			);
			path = Auth;
			sourceTree = "<group>";
		};
		7C6DC4303059647800D4F198 /* Components */ = {
			isa = PBXGroup;
			children = (
				7C6DC42F3059647800D4F198 /* AppComponents.swift */,
			);
			path = Components;
			sourceTree = "<group>";
		};
		7C6DC4323059647800D4F198 /* Differences */ = {
			isa = PBXGroup;
			children = (
				7C6DC4313059647800D4F198 /* DifferencesView.swift */,
			);
			path = Differences;
			sourceTree = "<group>";
		};
		7C6DC4343059647800D4F198 /* E6Imports */ = {
			isa = PBXGroup;
			children = (
				7C6DC4333059647800D4F198 /* E6ImportsView.swift */,
			);
			path = E6Imports;
			sourceTree = "<group>";
		};
		7C6DC4363059647800D4F198 /* Herbs */ = {
			isa = PBXGroup;
			children = (
				7C6DC5023059647800D4F198 /* HerbLocationAssignView.swift */,
				7C6DC4353059647800D4F198 /* HerbsView.swift */,
			);
			path = Herbs;
			sourceTree = "<group>";
		};
		7C6DC4383059647800D4F198 /* Inventory */ = {
			isa = PBXGroup;
			children = (
				7C6DC5033059647800D4F198 /* InventoryDetailView.swift */,
				7C6DC4373059647800D4F198 /* InventoryView.swift */,
			);
			path = Inventory;
			sourceTree = "<group>";
		};
		7C6DC43B3059647800D4F198 /* Packages */ = {
			isa = PBXGroup;
			children = (
				7C6DC4393059647800D4F198 /* PackageDetailView.swift */,
				7C6DC43A3059647800D4F198 /* PackagesView.swift */,
			);
			path = Packages;
			sourceTree = "<group>";
		};
		7C6DC43D3059647800D4F198 /* Prescriptions */ = {
			isa = PBXGroup;
			children = (
				7C6DC5013059647800D4F198 /* PrescriptionEditView.swift */,
				7C6DC43C3059647800D4F198 /* PrescriptionsView.swift */,
			);
			path = Prescriptions;
			sourceTree = "<group>";
		};
		7C6DC4413059647800D4F198 /* Processing */ = {
			isa = PBXGroup;
			children = (
				7C6DC43E3059647800D4F198 /* ProcessingPlanFormView.swift */,
				7C6DC43F3059647800D4F198 /* ProcessingView.swift */,
				7C6DC4403059647800D4F198 /* WorkflowOperationView.swift */,
			);
			path = Processing;
			sourceTree = "<group>";
		};
		7C6DC4443059647800D4F198 /* Profile */ = {
			isa = PBXGroup;
			children = (
				7C6DC5043059647800D4F198 /* ProfileDetailView.swift */,
				7C6DC4423059647800D4F198 /* ProfileView.swift */,
				7C6DC4433059647800D4F198 /* SettingsView.swift */,
			);
			path = Profile;
			sourceTree = "<group>";
		};
		7C6DC4483059647800D4F198 /* Scanner */ = {
			isa = PBXGroup;
			children = (
				7C6DC4463059647800D4F198 /* LiveScannerView.swift */,
			);
			path = Scanner;
			sourceTree = "<group>";
		};
		7C6DC44A3059647800D4F198 /* Stocktaking */ = {
			isa = PBXGroup;
			children = (
				7C6DC4493059647800D4F198 /* StocktakingView.swift */,
			);
			path = Stocktaking;
			sourceTree = "<group>";
		};
		7C6DC44C3059647800D4F198 /* Transfers */ = {
			isa = PBXGroup;
			children = (
				7C6DC44B3059647800D4F198 /* TransfersView.swift */,
			);
			path = Transfers;
			sourceTree = "<group>";
		};
		7C6DC44F3059647800D4F198 /* Views */ = {
			isa = PBXGroup;
			children = (
				7C6DC42E3059647800D4F198 /* Auth */,
				7C6DC4303059647800D4F198 /* Components */,
				7C6DC4323059647800D4F198 /* Differences */,
				7C6DC4343059647800D4F198 /* E6Imports */,
				7C6DC4363059647800D4F198 /* Herbs */,
				7C6DC4383059647800D4F198 /* Inventory */,
				7C6DC43B3059647800D4F198 /* Packages */,
				7C6DC43D3059647800D4F198 /* Prescriptions */,
				7C6DC4413059647800D4F198 /* Processing */,
				7C6DC4443059647800D4F198 /* Profile */,
				7C6DC4483059647800D4F198 /* Scanner */,
				7C6DC44A3059647800D4F198 /* Stocktaking */,
				7C6DC44C3059647800D4F198 /* Transfers */,
				7C6DC44D3059647800D4F198 /* MainShellView.swift */,
				7C6DC44E3059647800D4F198 /* SideMenuView.swift */,
			);
			path = Views;
			sourceTree = "<group>";
		};
		B35DAA2A0331EA6162B7BFA2 /* Pods */ = {
			isa = PBXGroup;
			children = (
				58E615198A528B3374DAB9F0 /* Pods-TCMAdmin.debug.xcconfig */,
				DEC7EA7248024733644B3878 /* Pods-TCMAdmin.release.xcconfig */,
			);
			name = Pods;
			path = ../Pods;
			sourceTree = "<group>";
		};
/* End PBXGroup section */

/* Begin PBXHeadersBuildPhase section */
		9B1E4811B74915B97118FBBD /* Headers */ = {
			isa = PBXHeadersBuildPhase;
			files = (
				99F74D0598385439DCA9C315 /* TCMAdmin-Bridging-Header.h in Headers */,
				767145A8BAF431E01A0BFDB0 /* PDBPolygonOffsetBridge.h in Headers */,
				BDC84934BC2E477996A6312D /* OpenCVDBBridge.h in Headers */,
				0E1D41CBAD7E222E39C04DCE /* OpenCVImageBridge.h in Headers */,
				2652436983DE35B3A26536B6 /* ORTProfilingBridge.h in Headers */,
				D9014C2F93CCF09EAB0C39B2 /* clipper.hpp in Headers */,
			);
		};
/* End PBXHeadersBuildPhase section */

/* Begin PBXNativeTarget section */
		000000000000000100000000 /* TCMAdmin */ = {
			isa = PBXNativeTarget;
			buildConfigurationList = 000000000000000110000000 /* Build configuration list for PBXNativeTarget "TCMAdmin" */;
			buildPhases = (
				0B956691C0FB2EE5D1FEF738 /* [CP] Check Pods Manifest.lock */,
				000000000000000120000000 /* Sources */,
				000000000000000130000000 /* Frameworks */,
				000000000000000140000000 /* Resources */,
				9B1E4811B74915B97118FBBD /* Headers */,
				672E592CFD07F8FA222220A8 /* [CP] Embed Pods Frameworks */,
			);
			buildRules = (
			);
			dependencies = (
			);
			fileSystemSynchronizedGroups = (
				000000000000000000000010 /* 药房助手 */,
			);
			name = TCMAdmin;
			productName = TCMAdmin;
			productReference = 000000000000000000000120 /* TCMAdmin.app */;
			productType = "com.apple.product-type.application";
		};
/* End PBXNativeTarget section */

/* Begin PBXProject section */
		000000000000000000000000 /* Project object */ = {
			isa = PBXProject;
			attributes = {
				BuildIndependentTargetsInParallel = 1;
				LastSwiftUpdateCheck = 2630;
				LastUpgradeCheck = 2700;
				TargetAttributes = {
					000000000000000100000000 = {
						CreatedOnToolsVersion = 26.3;
					};
				};
			};
			buildConfigurationList = 000000000000000010000000 /* Build configuration list for PBXProject "TCMAdmin" */;
			developmentRegion = "zh-Hans";
			hasScannedForEncodings = 0;
			knownRegions = (
				en,
				Base,
				"zh-Hans",
			);
			mainGroup = 000000000000000000000001;
			minimizedProjectReferenceProxies = 1;
			preferredProjectObjectVersion = 90;
			productRefGroup = 000000000000000000000020 /* Products */;
			projectDirPath = "";
			projectRoot = "";
			targets = (
				000000000000000100000000 /* TCMAdmin */,
			);
		};
/* End PBXProject section */

/* Begin PBXResourcesBuildPhase section */
		000000000000000140000000 /* Resources */ = {
			isa = PBXResourcesBuildPhase;
			files = (
				7CE54047A62F985D4B2D016A /* Assets.xcassets in Resources */,
				F73642518C869752E5C280C4 /* LICENSE in Resources */,
				463344CAA47D1F4AA235CC1D /* det_inference.onnx in Resources */,
				D18E458C9D82FE2FFBEDBB31 /* rec_inference.yml in Resources */,
			);
		};
/* End PBXResourcesBuildPhase section */

/* Begin PBXShellScriptBuildPhase section */
		0B956691C0FB2EE5D1FEF738 /* [CP] Check Pods Manifest.lock */ = {
			isa = PBXShellScriptBuildPhase;
			buildActionMask = 2147483647;
			files = (
			);
			inputFileListPaths = (
			);
			inputPaths = (
				"${PODS_PODFILE_DIR_PATH}/Podfile.lock",
				"${PODS_ROOT}/Manifest.lock",
			);
			name = "[CP] Check Pods Manifest.lock";
			outputFileListPaths = (
			);
			outputPaths = (
				"$(DERIVED_FILE_DIR)/Pods-TCMAdmin-checkManifestLockResult.txt",
			);
			runOnlyForDeploymentPostprocessing = 0;
			shellPath = /bin/sh;
			shellScript = "diff \"${PODS_PODFILE_DIR_PATH}/Podfile.lock\" \"${PODS_ROOT}/Manifest.lock\" > /dev/null\nif [ $? != 0 ] ; then\n    # print error to STDERR\n    echo \"error: The sandbox is not in sync with the Podfile.lock. Run 'pod install' or update your CocoaPods installation.\" >&2\n    exit 1\nfi\n# This output is used by Xcode 'outputs' to avoid re-running this script phase.\necho \"SUCCESS\" > \"${SCRIPT_OUTPUT_FILE_0}\"\n";
			showEnvVarsInLog = 0;
		};
		672E592CFD07F8FA222220A8 /* [CP] Embed Pods Frameworks */ = {
			isa = PBXShellScriptBuildPhase;
			buildActionMask = 2147483647;
			files = (
			);
			inputFileListPaths = (
				"${PODS_ROOT}/Target Support Files/Pods-TCMAdmin/Pods-TCMAdmin-frameworks-${CONFIGURATION}-input-files.xcfilelist",
			);
			name = "[CP] Embed Pods Frameworks";
			outputFileListPaths = (
				"${PODS_ROOT}/Target Support Files/Pods-TCMAdmin/Pods-TCMAdmin-frameworks-${CONFIGURATION}-output-files.xcfilelist",
			);
			runOnlyForDeploymentPostprocessing = 0;
			shellPath = /bin/sh;
			shellScript = "\"${PODS_ROOT}/Target Support Files/Pods-TCMAdmin/Pods-TCMAdmin-frameworks.sh\"\n";
			showEnvVarsInLog = 0;
		};
/* End PBXShellScriptBuildPhase section */

/* Begin PBXSourcesBuildPhase section */
		000000000000000120000000 /* Sources */ = {
			isa = PBXSourcesBuildPhase;
			files = (
				7C6DC4503059647800D4F198 /* DifferencesView.swift in Sources */,
				7C6DC4523059647800D4F198 /* StocktakingView.swift in Sources */,
				7C6DC4533059647800D4F198 /* PackagesView.swift in Sources */,
				7C6DC4543059647800D4F198 /* MainShellView.swift in Sources */,
				7C6DC4563059647800D4F198 /* AppRoute.swift in Sources */,
				7C6DC4573059647800D4F198 /* ProcessingPlanFormView.swift in Sources */,
				7C6DC4583059647800D4F198 /* SettingsView.swift in Sources */,
				7C6DC4593059647800D4F198 /* SessionManager.swift in Sources */,
				7C6DC45A3059647800D4F198 /* LiveScannerView.swift in Sources */,
				7C6DC45B3059647800D4F198 /* AppModels.swift in Sources */,
				7C6DC45C3059647800D4F198 /* TransfersView.swift in Sources */,
				7C6DC45D3059647800D4F198 /* E6ImportsView.swift in Sources */,
				7C6DC45E3059647800D4F198 /* Color+Theme.swift in Sources */,
				7C6DC45F3059647800D4F198 /* LoginView.swift in Sources */,
				7C6DC4603059647800D4F198 /* ProfileView.swift in Sources */,
				7C6DC4613059647800D4F198 /* AppComponents.swift in Sources */,
				7C6DC4623059647800D4F198 /* HerbsView.swift in Sources */,
				7C6DC4633059647800D4F198 /* SideMenuView.swift in Sources */,
				7C6DC4643059647800D4F198 /* PrescriptionsView.swift in Sources */,
				7C6DC4653059647800D4F198 /* ApiClient.swift in Sources */,
				7C6DC4663059647800D4F198 /* InventoryView.swift in Sources */,
				7C6DC4673059647800D4F198 /* PackageDetailView.swift in Sources */,
				7C6DC4683059647800D4F198 /* ProcessingView.swift in Sources */,
				7C6DC4693059647800D4F198 /* WorkflowOperationView.swift in Sources */,
				7C6DC46A3059647800D4F198 /* TCMAdminApp.swift in Sources */,
				7C6DC6013059647800D4F198 /* PrescriptionEditView.swift in Sources */,
				7C6DC6023059647800D4F198 /* HerbLocationAssignView.swift in Sources */,
				7C6DC6033059647800D4F198 /* InventoryDetailView.swift in Sources */,
				7C6DC6043059647800D4F198 /* ProfileDetailView.swift in Sources */,
				7C6DC6053059647800D4F198 /* UpdateManager.swift in Sources */,
				7C6DC6063059647800D4F198 /* ThemeManager.swift in Sources */,
				A4B44E388AD11EB3A5DFB850 /* RecognitionEngine.swift in Sources */,
				7A28445FA748E5D45D662F27 /* ORTSessionManager.swift in Sources */,
				297C4AEC85EEF911335991F8 /* OpenCVDBBridge.mm in Sources */,
				C1F54496A23220959A6A403B /* InferenceConfig.swift in Sources */,
				902B4B378302A14EC34C2E87 /* DetectionEngine.swift in Sources */,
				1A654A6CA6BE46E1F04599B2 /* QuadTextCrop.swift in Sources */,
				5BC94974969FE026A392B124 /* ORTProfilingBridge.mm in Sources */,
				3EB34A3E99B4A1C0D2732CA4 /* OpenCVImageBridge.mm in Sources */,
				34614799AB6BAA5BF2EB67D8 /* OCREngine.swift in Sources */,
				FBF84109A8EF0A14BF2BF183 /* CTCDecoder.swift in Sources */,
				0C70445A892069A9FC038875 /* PDBPolygonOffsetBridge.mm in Sources */,
				4B3E452F9C7E742B8395FFA4 /* EncodedImageCodec.swift in Sources */,
				6AC94F04A8711C0FCA5DCCEB /* RecPreprocessor.swift in Sources */,
				670042F9806CD6E949556F5C /* BoxSorter.swift in Sources */,
				E643416EB9BA0692CB1592B8 /* OCRParameterResolver.swift in Sources */,
				D0924B81BE591482193AABDF /* DBPostProcess.swift in Sources */,
				571E48088A7193796D75FB0C /* Preprocessing.swift in Sources */,
				FB0B424DA34DCDFB0A7B4E31 /* ModelConfig.swift in Sources */,
				F1B24369AE98301C6A06218C /* clipper.cpp in Sources */,
			);
		};
/* End PBXSourcesBuildPhase section */

/* Begin XCBuildConfiguration section */
		000000000000000011000000 /* Debug */ = {
			isa = XCBuildConfiguration;
			buildSettings = {
				ALWAYS_SEARCH_USER_PATHS = NO;
				ASSETCATALOG_COMPILER_GENERATE_SWIFT_ASSET_SYMBOL_EXTENSIONS = YES;
				CLANG_ANALYZER_NONNULL = YES;
				CLANG_ANALYZER_NUMBER_OBJECT_CONVERSION = YES_AGGRESSIVE;
				CLANG_CXX_LANGUAGE_STANDARD = "gnu++20";
				CLANG_ENABLE_MODULES = YES;
				CLANG_ENABLE_OBJC_ARC = YES;
				CLANG_ENABLE_OBJC_WEAK = YES;
				CLANG_WARN_BLOCK_CAPTURE_AUTORELEASING = YES;
				CLANG_WARN_BOOL_CONVERSION = YES;
				CLANG_WARN_COMMA = YES;
				CLANG_WARN_CONSTANT_CONVERSION = YES;
				CLANG_WARN_DEPRECATED_OBJC_IMPLEMENTATIONS = YES;
				CLANG_WARN_DIRECT_OBJC_ISA_USAGE = YES_ERROR;
				CLANG_WARN_DOCUMENTATION_COMMENTS = YES;
				CLANG_WARN_EMPTY_BODY = YES;
				CLANG_WARN_ENUM_CONVERSION = YES;
				CLANG_WARN_INFINITE_RECURSION = YES;
				CLANG_WARN_INT_CONVERSION = YES;
				CLANG_WARN_NON_LITERAL_NULL_CONVERSION = YES;
				CLANG_WARN_OBJC_IMPLICIT_RETAIN_SELF = YES;
				CLANG_WARN_OBJC_LITERAL_CONVERSION = YES;
				CLANG_WARN_OBJC_ROOT_CLASS = YES_ERROR;
				CLANG_WARN_QUOTED_INCLUDE_IN_FRAMEWORK_HEADER = YES;
				CLANG_WARN_RANGE_LOOP_ANALYSIS = YES;
				CLANG_WARN_STRICT_PROTOTYPES = YES;
				CLANG_WARN_SUSPICIOUS_MOVE = YES;
				CLANG_WARN_UNGUARDED_AVAILABILITY = YES_AGGRESSIVE;
				CLANG_WARN_UNREACHABLE_CODE = YES;
				CLANG_WARN__DUPLICATE_METHOD_MATCH = YES;
				COPY_PHASE_STRIP = NO;
				DEAD_CODE_STRIPPING = YES;
				DEBUG_INFORMATION_FORMAT = dwarf;
				DRIVERKIT_DEPLOYMENT_TARGET = 27.0;
				ENABLE_STRICT_OBJC_MSGSEND = YES;
				ENABLE_TESTABILITY = YES;
				ENABLE_USER_SCRIPT_SANDBOXING = NO;
				GCC_C_LANGUAGE_STANDARD = gnu17;
				GCC_DYNAMIC_NO_PIC = NO;
				GCC_NO_COMMON_BLOCKS = YES;
				GCC_OPTIMIZATION_LEVEL = 0;
				GCC_PREPROCESSOR_DEFINITIONS = (
					"DEBUG=1",
					"$(inherited)",
				);
				GCC_WARN_64_TO_32_BIT_CONVERSION = YES;
				GCC_WARN_ABOUT_RETURN_TYPE = YES_ERROR;
				GCC_WARN_UNDECLARED_SELECTOR = YES;
				GCC_WARN_UNINITIALIZED_AUTOS = YES_AGGRESSIVE;
				GCC_WARN_UNUSED_FUNCTION = YES;
				GCC_WARN_UNUSED_VARIABLE = YES;
				IPHONEOS_DEPLOYMENT_TARGET = 18.0;
				LOCALIZATION_PREFERS_STRING_CATALOGS = YES;
				MACOSX_DEPLOYMENT_TARGET = 26.6.2;
				MTL_ENABLE_DEBUG_INFO = INCLUDE_SOURCE;
				MTL_FAST_MATH = YES;
				ONLY_ACTIVE_ARCH = YES;
				PROJECT_UNIQUE_VALUE = OV6LARYK;
				STRING_CATALOG_GENERATE_SYMBOLS = YES;
				SWIFT_ACTIVE_COMPILATION_CONDITIONS = "DEBUG $(inherited)";
				SWIFT_OPTIMIZATION_LEVEL = "-Onone";
				TVOS_DEPLOYMENT_TARGET = 27.0;
				WATCHOS_DEPLOYMENT_TARGET = 27.0;
				XROS_DEPLOYMENT_TARGET = 27.0;
			};
			name = Debug;
		};
		000000000000000012000000 /* Release */ = {
			isa = XCBuildConfiguration;
			buildSettings = {
				ALWAYS_SEARCH_USER_PATHS = NO;
				ASSETCATALOG_COMPILER_GENERATE_SWIFT_ASSET_SYMBOL_EXTENSIONS = YES;
				CLANG_ANALYZER_NONNULL = YES;
				CLANG_ANALYZER_NUMBER_OBJECT_CONVERSION = YES_AGGRESSIVE;
				CLANG_CXX_LANGUAGE_STANDARD = "gnu++20";
				CLANG_ENABLE_MODULES = YES;
				CLANG_ENABLE_OBJC_ARC = YES;
				CLANG_ENABLE_OBJC_WEAK = YES;
				CLANG_WARN_BLOCK_CAPTURE_AUTORELEASING = YES;
				CLANG_WARN_BOOL_CONVERSION = YES;
				CLANG_WARN_COMMA = YES;
				CLANG_WARN_CONSTANT_CONVERSION = YES;
				CLANG_WARN_DEPRECATED_OBJC_IMPLEMENTATIONS = YES;
				CLANG_WARN_DIRECT_OBJC_ISA_USAGE = YES_ERROR;
				CLANG_WARN_DOCUMENTATION_COMMENTS = YES;
				CLANG_WARN_EMPTY_BODY = YES;
				CLANG_WARN_ENUM_CONVERSION = YES;
				CLANG_WARN_INFINITE_RECURSION = YES;
				CLANG_WARN_INT_CONVERSION = YES;
				CLANG_WARN_NON_LITERAL_NULL_CONVERSION = YES;
				CLANG_WARN_OBJC_IMPLICIT_RETAIN_SELF = YES;
				CLANG_WARN_OBJC_LITERAL_CONVERSION = YES;
				CLANG_WARN_OBJC_ROOT_CLASS = YES_ERROR;
				CLANG_WARN_QUOTED_INCLUDE_IN_FRAMEWORK_HEADER = YES;
				CLANG_WARN_RANGE_LOOP_ANALYSIS = YES;
				CLANG_WARN_STRICT_PROTOTYPES = YES;
				CLANG_WARN_SUSPICIOUS_MOVE = YES;
				CLANG_WARN_UNGUARDED_AVAILABILITY = YES_AGGRESSIVE;
				CLANG_WARN_UNREACHABLE_CODE = YES;
				CLANG_WARN__DUPLICATE_METHOD_MATCH = YES;
				COPY_PHASE_STRIP = NO;
				DEAD_CODE_STRIPPING = YES;
				DEBUG_INFORMATION_FORMAT = "dwarf-with-dsym";
				DRIVERKIT_DEPLOYMENT_TARGET = 27.0;
				ENABLE_NS_ASSERTIONS = NO;
				ENABLE_STRICT_OBJC_MSGSEND = YES;
				ENABLE_USER_SCRIPT_SANDBOXING = NO;
				GCC_C_LANGUAGE_STANDARD = gnu17;
				GCC_NO_COMMON_BLOCKS = YES;
				GCC_WARN_64_TO_32_BIT_CONVERSION = YES;
				GCC_WARN_ABOUT_RETURN_TYPE = YES_ERROR;
				GCC_WARN_UNDECLARED_SELECTOR = YES;
				GCC_WARN_UNINITIALIZED_AUTOS = YES_AGGRESSIVE;
				GCC_WARN_UNUSED_FUNCTION = YES;
				GCC_WARN_UNUSED_VARIABLE = YES;
				IPHONEOS_DEPLOYMENT_TARGET = 18.0;
				LOCALIZATION_PREFERS_STRING_CATALOGS = YES;
				MACOSX_DEPLOYMENT_TARGET = 26.6.2;
				MTL_ENABLE_DEBUG_INFO = NO;
				MTL_FAST_MATH = YES;
				PROJECT_UNIQUE_VALUE = OV6LARYK;
				STRING_CATALOG_GENERATE_SYMBOLS = YES;
				SWIFT_COMPILATION_MODE = wholemodule;
				TVOS_DEPLOYMENT_TARGET = 27.0;
				WATCHOS_DEPLOYMENT_TARGET = 27.0;
				XROS_DEPLOYMENT_TARGET = 27.0;
			};
			name = Release;
		};
		000000000000000111000000 /* Debug */ = {
			isa = XCBuildConfiguration;
			baseConfigurationReference = 58E615198A528B3374DAB9F0 /* Pods-TCMAdmin.debug.xcconfig */;
			buildSettings = {
				OTHER_SWIFT_FLAGS = (
					"$(inherited)",
					"-Xcc",
					"-Wno-error=quoted-include-in-framework-header",
				);
				CLANG_WARN_QUOTED_INCLUDE_IN_FRAMEWORK_HEADER = NO;
				HEADER_SEARCH_PATHS = (
					"$(inherited)",
					"$(PODS_ROOT)/onnxruntime-objc/objectivec",
				);
				ASSETCATALOG_COMPILER_APPICON_NAME = AppIcon;
				CODE_SIGN_IDENTITY = "Apple Development";
				CODE_SIGN_STYLE = Automatic;
				CURRENT_PROJECT_VERSION = 10;
				DEVELOPMENT_TEAM = TFTF4873ZK;
				ENABLE_APP_SANDBOX = YES;
				ENABLE_PREVIEWS = YES;
				ENABLE_USER_SELECTED_FILES = readonly;
				GENERATE_INFOPLIST_FILE = YES;
				INFOPLIST_FILE = Info.plist;
				INFOPLIST_KEY_CFBundleDisplayName = "药房助手";
				INFOPLIST_KEY_ITSAppUsesNonExemptEncryption = NO;
				INFOPLIST_KEY_LSApplicationCategoryType = "public.app-category.developer-tools";
				INFOPLIST_KEY_NSCameraUsageDescription = "需要访问您的相机以扫描药品条形码与处方单据";
				INFOPLIST_KEY_NSPhotoLibraryUsageDescription = "需要访问您的相册以选择处方图片";
				"INFOPLIST_KEY_UIApplicationSceneManifest_Generation[sdk=iphoneos*]" = YES;
				"INFOPLIST_KEY_UIApplicationSceneManifest_Generation[sdk=iphonesimulator*]" = YES;
				"INFOPLIST_KEY_UIApplicationSupportsIndirectInputEvents[sdk=iphoneos*]" = YES;
				"INFOPLIST_KEY_UIApplicationSupportsIndirectInputEvents[sdk=iphonesimulator*]" = YES;
				"INFOPLIST_KEY_UILaunchScreen_Generation[sdk=iphoneos*]" = YES;
				"INFOPLIST_KEY_UILaunchScreen_Generation[sdk=iphonesimulator*]" = YES;
				"INFOPLIST_KEY_UIStatusBarStyle[sdk=iphoneos*]" = UIStatusBarStyleDefault;
				"INFOPLIST_KEY_UIStatusBarStyle[sdk=iphonesimulator*]" = UIStatusBarStyleDefault;
				INFOPLIST_KEY_UISupportedInterfaceOrientations_iPad = "UIInterfaceOrientationPortrait UIInterfaceOrientationPortraitUpsideDown UIInterfaceOrientationLandscapeLeft UIInterfaceOrientationLandscapeRight";
				INFOPLIST_KEY_UISupportedInterfaceOrientations_iPhone = "UIInterfaceOrientationPortrait UIInterfaceOrientationLandscapeLeft UIInterfaceOrientationLandscapeRight";
				LD_RUNPATH_SEARCH_PATHS = (
					"$(inherited)",
					"@executable_path/Frameworks",
				);
				"LD_RUNPATH_SEARCH_PATHS[sdk=macosx*]" = (
					"$(inherited)",
					"@executable_path/../Frameworks",
				);
				LIBRARY_SEARCH_PATHS = (
					"$(inherited)",
					"$(SRCROOT)/",
					"$(SRCROOT)/PaddleOCREngine",
					"$(SRCROOT)/ThirdParty/Clipper1",
					"$(SRCROOT)/Models/det",
					"$(SRCROOT)/Models/rec",
				);
				MARKETING_VERSION = 1.0.1;
				PRODUCT_BUNDLE_IDENTIFIER = com.tcm.admin;
				PRODUCT_NAME = "$(TARGET_NAME)";
				PROVISIONING_PROFILE_SPECIFIER = "";
				REGISTER_APP_GROUPS = YES;
				SDKROOT = auto;
				STRING_CATALOG_GENERATE_SYMBOLS = YES;
				SUPPORTED_PLATFORMS = "iphoneos iphonesimulator";
				SWIFT_APPROACHABLE_CONCURRENCY = YES;
				SWIFT_DEFAULT_ACTOR_ISOLATION = MainActor;
				SWIFT_EMIT_LOC_STRINGS = YES;
				SWIFT_OBJC_BRIDGING_HEADER = "TCMAdmin-Bridging-Header.h";
				SWIFT_UPCOMING_FEATURE_MEMBER_IMPORT_VISIBILITY = YES;
				SWIFT_VERSION = 5.0;
				TARGETED_DEVICE_FAMILY = "1,2";
			};
			name = Debug;
		};
		000000000000000112000000 /* Release */ = {
			isa = XCBuildConfiguration;
			baseConfigurationReference = DEC7EA7248024733644B3878 /* Pods-TCMAdmin.release.xcconfig */;
			buildSettings = {
				OTHER_SWIFT_FLAGS = (
					"$(inherited)",
					"-Xcc",
					"-Wno-error=quoted-include-in-framework-header",
				);
				CLANG_WARN_QUOTED_INCLUDE_IN_FRAMEWORK_HEADER = NO;
				HEADER_SEARCH_PATHS = (
					"$(inherited)",
					"$(PODS_ROOT)/onnxruntime-objc/objectivec",
				);
				ASSETCATALOG_COMPILER_APPICON_NAME = AppIcon;
				CODE_SIGN_IDENTITY = "Apple Development";
				CODE_SIGN_STYLE = Automatic;
				CURRENT_PROJECT_VERSION = 10;
				DEVELOPMENT_TEAM = TFTF4873ZK;
				ENABLE_APP_SANDBOX = YES;
				ENABLE_PREVIEWS = YES;
				ENABLE_USER_SELECTED_FILES = readonly;
				GENERATE_INFOPLIST_FILE = YES;
				INFOPLIST_FILE = Info.plist;
				INFOPLIST_KEY_CFBundleDisplayName = "药房助手";
				INFOPLIST_KEY_ITSAppUsesNonExemptEncryption = NO;
				INFOPLIST_KEY_LSApplicationCategoryType = "public.app-category.developer-tools";
				INFOPLIST_KEY_NSCameraUsageDescription = "需要访问您的相机以扫描药品条形码与处方单据";
				INFOPLIST_KEY_NSPhotoLibraryUsageDescription = "需要访问您的相册以选择处方图片";
				"INFOPLIST_KEY_UIApplicationSceneManifest_Generation[sdk=iphoneos*]" = YES;
				"INFOPLIST_KEY_UIApplicationSceneManifest_Generation[sdk=iphonesimulator*]" = YES;
				"INFOPLIST_KEY_UIApplicationSupportsIndirectInputEvents[sdk=iphoneos*]" = YES;
				"INFOPLIST_KEY_UIApplicationSupportsIndirectInputEvents[sdk=iphonesimulator*]" = YES;
				"INFOPLIST_KEY_UILaunchScreen_Generation[sdk=iphoneos*]" = YES;
				"INFOPLIST_KEY_UILaunchScreen_Generation[sdk=iphonesimulator*]" = YES;
				"INFOPLIST_KEY_UIStatusBarStyle[sdk=iphoneos*]" = UIStatusBarStyleDefault;
				"INFOPLIST_KEY_UIStatusBarStyle[sdk=iphonesimulator*]" = UIStatusBarStyleDefault;
				INFOPLIST_KEY_UISupportedInterfaceOrientations_iPad = "UIInterfaceOrientationPortrait UIInterfaceOrientationPortraitUpsideDown UIInterfaceOrientationLandscapeLeft UIInterfaceOrientationLandscapeRight";
				INFOPLIST_KEY_UISupportedInterfaceOrientations_iPhone = "UIInterfaceOrientationPortrait UIInterfaceOrientationLandscapeLeft UIInterfaceOrientationLandscapeRight";
				LD_RUNPATH_SEARCH_PATHS = (
					"$(inherited)",
					"@executable_path/Frameworks",
				);
				"LD_RUNPATH_SEARCH_PATHS[sdk=macosx*]" = (
					"$(inherited)",
					"@executable_path/../Frameworks",
				);
				LIBRARY_SEARCH_PATHS = (
					"$(inherited)",
					"$(SRCROOT)/",
					"$(SRCROOT)/PaddleOCREngine",
					"$(SRCROOT)/ThirdParty/Clipper1",
					"$(SRCROOT)/Models/det",
					"$(SRCROOT)/Models/rec",
				);
				MARKETING_VERSION = 1.0.1;
				PRODUCT_BUNDLE_IDENTIFIER = com.tcm.admin;
				PRODUCT_NAME = "$(TARGET_NAME)";
				PROVISIONING_PROFILE_SPECIFIER = "";
				REGISTER_APP_GROUPS = YES;
				SDKROOT = auto;
				STRING_CATALOG_GENERATE_SYMBOLS = YES;
				SUPPORTED_PLATFORMS = "iphoneos iphonesimulator";
				SWIFT_APPROACHABLE_CONCURRENCY = YES;
				SWIFT_DEFAULT_ACTOR_ISOLATION = MainActor;
				SWIFT_EMIT_LOC_STRINGS = YES;
				SWIFT_OBJC_BRIDGING_HEADER = "TCMAdmin-Bridging-Header.h";
				SWIFT_UPCOMING_FEATURE_MEMBER_IMPORT_VISIBILITY = YES;
				SWIFT_VERSION = 5.0;
				TARGETED_DEVICE_FAMILY = "1,2";
			};
			name = Release;
		};
/* End XCBuildConfiguration section */

/* Begin XCConfigurationList section */
		000000000000000010000000 /* Build configuration list for PBXProject "TCMAdmin" */ = {
			isa = XCConfigurationList;
			buildConfigurations = (
				000000000000000011000000 /* Debug */,
				000000000000000012000000 /* Release */,
			);
			defaultConfigurationName = Release;
		};
		000000000000000110000000 /* Build configuration list for PBXNativeTarget "TCMAdmin" */ = {
			isa = XCConfigurationList;
			buildConfigurations = (
				000000000000000111000000 /* Debug */,
				000000000000000112000000 /* Release */,
			);
			defaultConfigurationName = Release;
		};
/* End XCConfigurationList section */
	};
	rootObject = 000000000000000000000000 /* Project object */;
}
